Microsoft Visual Studio Solution File, Format Version 12.00
# Visual Studio Version 17
VisualStudioVersion = 17.5.2.0
MinimumVisualStudioVersion = 10.0.40219.1
Project("{2150E333-8FDC-42A3-9474-1A3956D46DE8}") = "src", "src", "{95107D09-6802-4E63-B521-8320A65E4373}"
EndProject
Project("{FAE04EC0-301F-11D3-BF4B-00C04F79EFBC}") = "Bootcamp.Exemplo", "src\Bootcamp.Exemplo\Bootcamp.Exemplo.csproj", "{2E0C7102-8A23-4364-94F4-7591FD9C8D18}"
EndProject
Project("{2150E333-8FDC-42A3-9474-1A3956D46DE8}") = "Bootcamp.Estacionamento", "Bootcamp.Estacionamento", "{F6E9D722-BF77-4624-8855-5E16082C8961}"
EndProject
Project("{FAE04EC0-301F-11D3-BF4B-00C04F79EFBC}") = "DesafioFundamentos", "src\Bootcamp.Estacionamento\DesafioFundamentos\DesafioFundamentos.csproj", "{68C3D8FA-7C43-4421-9861-993FEEA68E45}"
EndProject
Project("{FAE04EC0-301F-11D3-BF4B-00C04F79EFBC}") = "DesafioProjetoHospedagem", "src\Bootcamp.Hospedagem\DesafioProjetoHospedagem.csproj", "{CB895231-E5B8-48AB-95BA-112454611B8E}"
EndProject
Project("{FAE04EC0-301F-11D3-BF4B-00C04F79EFBC}") = "DesafioPOO", "src\Bootcamp.Abstracao\DesafioPOO.csproj", "{D1C92695-CC10-4549-B642-921DA0BB18C7}"
EndProject
Global
	GlobalSection(SolutionConfigurationPlatforms) = preSolution
		Debug|Any CPU = Debug|Any CPU
		Release|Any CPU = Release|Any CPU
	EndGlobalSection
	GlobalSection(ProjectConfigurationPlatforms) = postSolution
		{2E0C7102-8A23-4364-94F4-7591FD9C8D18}.Debug|Any CPU.ActiveCfg = Debug|Any CPU
		{2E0C7102-8A23-4364-94F4-7591FD9C8D18}.Debug|Any CPU.Build.0 = Debug|Any CPU
		{2E0C7102-8A23-4364-94F4-7591FD9C8D18}.Release|Any CPU.ActiveCfg = Release|Any CPU
		{2E0C7102-8A23-4364-94F4-7591FD9C8D18}.Release|Any CPU.Build.0 = Release|Any CPU
		{68C3D8FA-7C43-4421-9861-993FEEA68E45}.Debug|Any CPU.ActiveCfg = Debug|Any CPU
		{68C3D8FA-7C43-4421-9861-993FEEA68E45}.Debug|Any CPU.Build.0 = Debug|Any CPU
		{68C3D8FA-7C43-4421-9861-993FEEA68E45}.Release|Any CPU.ActiveCfg = Release|Any CPU
		{68C3D8FA-7C43-4421-9861-993FEEA68E45}.Release|Any CPU.Build.0 = Release|Any CPU
		{CB895231-E5B8-48AB-95BA-112454611B8E}.Debug|Any CPU.ActiveCfg = Debug|Any CPU
		{CB895231-E5B8-48AB-95BA-112454611B8E}.Debug|Any CPU.Build.0 = Debug|Any CPU
		{CB895231-E5B8-48AB-95BA-112454611B8E}.Release|Any CPU.ActiveCfg = Release|Any CPU
		{CB895231-E5B8-48AB-95BA-112454611B8E}.Release|Any CPU.Build.0 = Release|Any CPU
		{D1C92695-CC10-4549-B642-921DA0BB18C7}.Debug|Any CPU.ActiveCfg = Debug|Any CPU
		{D1C92695-CC10-4549-B642-921DA0BB18C7}.Debug|Any CPU.Build.0 = Debug|Any CPU
		{D1C92695-CC10-4549-B642-921DA0BB18C7}.Release|Any CPU.ActiveCfg = Release|Any CPU
		{D1C92695-CC10-4549-B642-921DA0BB18C7}.Release|Any CPU.Build.0 = Release|Any CPU
	EndGlobalSection
	GlobalSection(SolutionProperties) = preSolution
		HideSolutionNode = FALSE
	EndGlobalSection
	GlobalSection(ExtensibilityGlobals) = postSolution
		SolutionGuid = {73E37E1D-9FBB-4B05-8F14-C964AA16F5F5}
	EndGlobalSection
	GlobalSection(NestedProjects) = preSolution
		{2E0C7102-8A23-4364-94F4-7591FD9C8D18} = {95107D09-6802-4E63-B521-8320A65E4373}
		{F6E9D722-BF77-4624-8855-5E16082C8961} = {95107D09-6802-4E63-B521-8320A65E4373}
		{68C3D8FA-7C43-4421-9861-993FEEA68E45} = {F6E9D722-BF77-4624-8855-5E16082C8961}
		{CB895231-E5B8-48AB-95BA-112454611B8E} = {95107D09-6802-4E63-B521-8320A65E4373}
		{D1C92695-CC10-4549-B642-921DA0BB18C7} = {95107D09-6802-4E63-B521-8320A65E4373}
	EndGlobalSection
EndGlobal
